
Microsoft Visual Studio Solution File, Format Version 12.00
# Visual Studio 15
VisualStudioVersion = 15.0.28307.572
MinimumVisualStudioVersion = 10.0.40219.1
Project("{9A19103F-16F7-4668-BE54-9A1E7A4F7556}") = "XSchool.Helpers", "XSchool.Helpers\XSchool.Helpers.csproj", "{295A4A00-82F9-400B-BC20-CD9BC5EA497B}"
EndProject
Project("{9A19103F-16F7-4668-BE54-9A1E7A4F7556}") = "XSchool.Query.Paging", "XSchool.Query.Paging\XSchool.Query.Paging.csproj", "{01E03361-4CAB-4053-A156-0BAD3DBE130C}"
EndProject
Project("{9A19103F-16F7-4668-BE54-9A1E7A4F7556}") = "XSchool.Core", "XSchool.Core\XSchool.Core.csproj", "{B499A0AB-F479-4183-BA1B-9F639BC6B4F0}"
EndProject
Project("{2150E333-8FDC-42A3-9474-1A3956D46DE8}") = "GCenter", "GCenter", "{F2794CEE-1AE1-42CB-8665-C507A3336FAB}"
EndProject
Project("{9A19103F-16F7-4668-BE54-9A1E7A4F7556}") = "XSchool.GCenter.Repositories", "GCenter\XSchool.GCenter.Repositories\XSchool.GCenter.Repositories.csproj", "{254535CE-47BA-42BD-95A9-A68EB458F904}"
EndProject
Project("{9A19103F-16F7-4668-BE54-9A1E7A4F7556}") = "XSchool.GCenter.Model", "GCenter\XSchool.GCenter.Model\XSchool.GCenter.Model.csproj", "{E337D61B-DF36-49CE-B679-E6B0EFD22D4E}"
EndProject
Project("{9A19103F-16F7-4668-BE54-9A1E7A4F7556}") = "XSchool.GCenter.Businesses", "GCenter\XSchool.GCenter.Businesses\XSchool.GCenter.Businesses.csproj", "{1A364A54-5712-4D93-9845-195EC88A4554}"
EndProject
Project("{9A19103F-16F7-4668-BE54-9A1E7A4F7556}") = "XSchool.Repositories", "XSchool.Repositories\XSchool.Repositories.csproj", "{B01D2518-E166-4361-859F-8246A6E9C443}"
EndProject
Project("{9A19103F-16F7-4668-BE54-9A1E7A4F7556}") = "XSchool.GCenter.WebApi", "GCenter\XSchool.GCenter.WebApi\XSchool.GCenter.WebApi.csproj", "{20EEDD6E-6DB4-4259-ACBF-D89F55276B8A}"
EndProject
Project("{9A19103F-16F7-4668-BE54-9A1E7A4F7556}") = "XSchool.Businesses", "XSchool.Businesses\XSchool.Businesses.csproj", "{D7E62F3D-C488-424C-84A9-699F3BA71B21}"
EndProject
Project("{2150E333-8FDC-42A3-9474-1A3956D46DE8}") = "WorkFlow", "WorkFlow", "{BEADC30A-2BAA-48EA-A2D4-4986BF063318}"
EndProject
Project("{9A19103F-16F7-4668-BE54-9A1E7A4F7556}") = "XSchool.WorkFlow.Model", "WorkFlow\XSchool.WorkFlow.Model\XSchool.WorkFlow.Model.csproj", "{76B9ABFE-6DA6-4ADE-9D2F-D2868F9512BF}"
EndProject
Project("{FAE04EC0-301F-11D3-BF4B-00C04F79EFBC}") = "T4ConsoleApplication", "WorkFlow\T4ConsoleApplication\T4ConsoleApplication.csproj", "{70BC98B5-8F93-4967-A9EC-EA80C7FF1354}"
EndProject
Project("{9A19103F-16F7-4668-BE54-9A1E7A4F7556}") = "XSchool.WorkFlow.Businesses", "WorkFlow\XSchool.WorkFlow.Businesses\XSchool.WorkFlow.Businesses.csproj", "{FD39AB03-ED61-476E-9AA7-052348EE31A2}"
EndProject
Project("{9A19103F-16F7-4668-BE54-9A1E7A4F7556}") = "XSchool.WorkFlow.Repositories", "WorkFlow\XSchool.WorkFlow.Repositories\XSchool.WorkFlow.Repositories.csproj", "{3D6267BC-6929-430E-A47F-85DA900828E4}"
EndProject
Project("{9A19103F-16F7-4668-BE54-9A1E7A4F7556}") = "XSchool.WorkFlow.WebApi", "WorkFlow\XSchool.WorkFlow.WebApi\XSchool.WorkFlow.WebApi.csproj", "{106E0BD6-077D-4710-AE6E-0096793D5CC8}"
EndProject
Project("{FAE04EC0-301F-11D3-BF4B-00C04F79EFBC}") = "T4ConsoleApplication", "GCenter\T4ConsoleApplication\T4ConsoleApplication.csproj", "{8D92045A-C91E-4C18-8677-FFA87F452009}"
EndProject
Global
	GlobalSection(SolutionConfigurationPlatforms) = preSolution
		Debug|Any CPU = Debug|Any CPU
		Debug|x86 = Debug|x86
		Release|Any CPU = Release|Any CPU
		Release|x86 = Release|x86
	EndGlobalSection
	GlobalSection(ProjectConfigurationPlatforms) = postSolution
		{295A4A00-82F9-400B-BC20-CD9BC5EA497B}.Debug|Any CPU.ActiveCfg = Debug|Any CPU
		{295A4A00-82F9-400B-BC20-CD9BC5EA497B}.Debug|Any CPU.Build.0 = Debug|Any CPU
		{295A4A00-82F9-400B-BC20-CD9BC5EA497B}.Debug|x86.ActiveCfg = Debug|Any CPU
		{295A4A00-82F9-400B-BC20-CD9BC5EA497B}.Debug|x86.Build.0 = Debug|Any CPU
		{295A4A00-82F9-400B-BC20-CD9BC5EA497B}.Release|Any CPU.ActiveCfg = Release|Any CPU
		{295A4A00-82F9-400B-BC20-CD9BC5EA497B}.Release|Any CPU.Build.0 = Release|Any CPU
		{295A4A00-82F9-400B-BC20-CD9BC5EA497B}.Release|x86.ActiveCfg = Release|Any CPU
		{295A4A00-82F9-400B-BC20-CD9BC5EA497B}.Release|x86.Build.0 = Release|Any CPU
		{01E03361-4CAB-4053-A156-0BAD3DBE130C}.Debug|Any CPU.ActiveCfg = Debug|Any CPU
		{01E03361-4CAB-4053-A156-0BAD3DBE130C}.Debug|Any CPU.Build.0 = Debug|Any CPU
		{01E03361-4CAB-4053-A156-0BAD3DBE130C}.Debug|x86.ActiveCfg = Debug|Any CPU
		{01E03361-4CAB-4053-A156-0BAD3DBE130C}.Debug|x86.Build.0 = Debug|Any CPU
		{01E03361-4CAB-4053-A156-0BAD3DBE130C}.Release|Any CPU.ActiveCfg = Release|Any CPU
		{01E03361-4CAB-4053-A156-0BAD3DBE130C}.Release|Any CPU.Build.0 = Release|Any CPU
		{01E03361-4CAB-4053-A156-0BAD3DBE130C}.Release|x86.ActiveCfg = Release|Any CPU
		{01E03361-4CAB-4053-A156-0BAD3DBE130C}.Release|x86.Build.0 = Release|Any CPU
		{B499A0AB-F479-4183-BA1B-9F639BC6B4F0}.Debug|Any CPU.ActiveCfg = Debug|Any CPU
		{B499A0AB-F479-4183-BA1B-9F639BC6B4F0}.Debug|Any CPU.Build.0 = Debug|Any CPU
		{B499A0AB-F479-4183-BA1B-9F639BC6B4F0}.Debug|x86.ActiveCfg = Debug|Any CPU
		{B499A0AB-F479-4183-BA1B-9F639BC6B4F0}.Debug|x86.Build.0 = Debug|Any CPU
		{B499A0AB-F479-4183-BA1B-9F639BC6B4F0}.Release|Any CPU.ActiveCfg = Release|Any CPU
		{B499A0AB-F479-4183-BA1B-9F639BC6B4F0}.Release|Any CPU.Build.0 = Release|Any CPU
		{B499A0AB-F479-4183-BA1B-9F639BC6B4F0}.Release|x86.ActiveCfg = Release|Any CPU
		{B499A0AB-F479-4183-BA1B-9F639BC6B4F0}.Release|x86.Build.0 = Release|Any CPU
		{254535CE-47BA-42BD-95A9-A68EB458F904}.Debug|Any CPU.ActiveCfg = Debug|Any CPU
		{254535CE-47BA-42BD-95A9-A68EB458F904}.Debug|Any CPU.Build.0 = Debug|Any CPU
		{254535CE-47BA-42BD-95A9-A68EB458F904}.Debug|x86.ActiveCfg = Debug|Any CPU
		{254535CE-47BA-42BD-95A9-A68EB458F904}.Debug|x86.Build.0 = Debug|Any CPU
		{254535CE-47BA-42BD-95A9-A68EB458F904}.Release|Any CPU.ActiveCfg = Release|Any CPU
		{254535CE-47BA-42BD-95A9-A68EB458F904}.Release|Any CPU.Build.0 = Release|Any CPU
		{254535CE-47BA-42BD-95A9-A68EB458F904}.Release|x86.ActiveCfg = Release|Any CPU
		{254535CE-47BA-42BD-95A9-A68EB458F904}.Release|x86.Build.0 = Release|Any CPU
		{E337D61B-DF36-49CE-B679-E6B0EFD22D4E}.Debug|Any CPU.ActiveCfg = Debug|Any CPU
		{E337D61B-DF36-49CE-B679-E6B0EFD22D4E}.Debug|Any CPU.Build.0 = Debug|Any CPU
		{E337D61B-DF36-49CE-B679-E6B0EFD22D4E}.Debug|x86.ActiveCfg = Debug|Any CPU
		{E337D61B-DF36-49CE-B679-E6B0EFD22D4E}.Debug|x86.Build.0 = Debug|Any CPU
		{E337D61B-DF36-49CE-B679-E6B0EFD22D4E}.Release|Any CPU.ActiveCfg = Release|Any CPU
		{E337D61B-DF36-49CE-B679-E6B0EFD22D4E}.Release|Any CPU.Build.0 = Release|Any CPU
		{E337D61B-DF36-49CE-B679-E6B0EFD22D4E}.Release|x86.ActiveCfg = Release|Any CPU
		{E337D61B-DF36-49CE-B679-E6B0EFD22D4E}.Release|x86.Build.0 = Release|Any CPU
		{1A364A54-5712-4D93-9845-195EC88A4554}.Debug|Any CPU.ActiveCfg = Debug|Any CPU
		{1A364A54-5712-4D93-9845-195EC88A4554}.Debug|Any CPU.Build.0 = Debug|Any CPU
		{1A364A54-5712-4D93-9845-195EC88A4554}.Debug|x86.ActiveCfg = Debug|Any CPU
		{1A364A54-5712-4D93-9845-195EC88A4554}.Debug|x86.Build.0 = Debug|Any CPU
		{1A364A54-5712-4D93-9845-195EC88A4554}.Release|Any CPU.ActiveCfg = Release|Any CPU
		{1A364A54-5712-4D93-9845-195EC88A4554}.Release|Any CPU.Build.0 = Release|Any CPU
		{1A364A54-5712-4D93-9845-195EC88A4554}.Release|x86.ActiveCfg = Release|Any CPU
		{1A364A54-5712-4D93-9845-195EC88A4554}.Release|x86.Build.0 = Release|Any CPU
		{B01D2518-E166-4361-859F-8246A6E9C443}.Debug|Any CPU.ActiveCfg = Debug|Any CPU
		{B01D2518-E166-4361-859F-8246A6E9C443}.Debug|Any CPU.Build.0 = Debug|Any CPU
		{B01D2518-E166-4361-859F-8246A6E9C443}.Debug|x86.ActiveCfg = Debug|Any CPU
		{B01D2518-E166-4361-859F-8246A6E9C443}.Debug|x86.Build.0 = Debug|Any CPU
		{B01D2518-E166-4361-859F-8246A6E9C443}.Release|Any CPU.ActiveCfg = Release|Any CPU
		{B01D2518-E166-4361-859F-8246A6E9C443}.Release|Any CPU.Build.0 = Release|Any CPU
		{B01D2518-E166-4361-859F-8246A6E9C443}.Release|x86.ActiveCfg = Release|Any CPU
		{B01D2518-E166-4361-859F-8246A6E9C443}.Release|x86.Build.0 = Release|Any CPU
		{20EEDD6E-6DB4-4259-ACBF-D89F55276B8A}.Debug|Any CPU.ActiveCfg = Debug|Any CPU
		{20EEDD6E-6DB4-4259-ACBF-D89F55276B8A}.Debug|Any CPU.Build.0 = Debug|Any CPU
		{20EEDD6E-6DB4-4259-ACBF-D89F55276B8A}.Debug|x86.ActiveCfg = Debug|Any CPU
		{20EEDD6E-6DB4-4259-ACBF-D89F55276B8A}.Debug|x86.Build.0 = Debug|Any CPU
		{20EEDD6E-6DB4-4259-ACBF-D89F55276B8A}.Release|Any CPU.ActiveCfg = Release|Any CPU
		{20EEDD6E-6DB4-4259-ACBF-D89F55276B8A}.Release|Any CPU.Build.0 = Release|Any CPU
		{20EEDD6E-6DB4-4259-ACBF-D89F55276B8A}.Release|x86.ActiveCfg = Release|Any CPU
		{20EEDD6E-6DB4-4259-ACBF-D89F55276B8A}.Release|x86.Build.0 = Release|Any CPU
		{D7E62F3D-C488-424C-84A9-699F3BA71B21}.Debug|Any CPU.ActiveCfg = Debug|Any CPU
		{D7E62F3D-C488-424C-84A9-699F3BA71B21}.Debug|Any CPU.Build.0 = Debug|Any CPU
		{D7E62F3D-C488-424C-84A9-699F3BA71B21}.Debug|x86.ActiveCfg = Debug|Any CPU
		{D7E62F3D-C488-424C-84A9-699F3BA71B21}.Debug|x86.Build.0 = Debug|Any CPU
		{D7E62F3D-C488-424C-84A9-699F3BA71B21}.Release|Any CPU.ActiveCfg = Release|Any CPU
		{D7E62F3D-C488-424C-84A9-699F3BA71B21}.Release|Any CPU.Build.0 = Release|Any CPU
		{D7E62F3D-C488-424C-84A9-699F3BA71B21}.Release|x86.ActiveCfg = Release|Any CPU
		{D7E62F3D-C488-424C-84A9-699F3BA71B21}.Release|x86.Build.0 = Release|Any CPU
		{76B9ABFE-6DA6-4ADE-9D2F-D2868F9512BF}.Debug|Any CPU.ActiveCfg = Debug|Any CPU
		{76B9ABFE-6DA6-4ADE-9D2F-D2868F9512BF}.Debug|Any CPU.Build.0 = Debug|Any CPU
		{76B9ABFE-6DA6-4ADE-9D2F-D2868F9512BF}.Debug|x86.ActiveCfg = Debug|Any CPU
		{76B9ABFE-6DA6-4ADE-9D2F-D2868F9512BF}.Debug|x86.Build.0 = Debug|Any CPU
		{76B9ABFE-6DA6-4ADE-9D2F-D2868F9512BF}.Release|Any CPU.ActiveCfg = Release|Any CPU
		{76B9ABFE-6DA6-4ADE-9D2F-D2868F9512BF}.Release|Any CPU.Build.0 = Release|Any CPU
		{76B9ABFE-6DA6-4ADE-9D2F-D2868F9512BF}.Release|x86.ActiveCfg = Release|Any CPU
		{76B9ABFE-6DA6-4ADE-9D2F-D2868F9512BF}.Release|x86.Build.0 = Release|Any CPU
		{70BC98B5-8F93-4967-A9EC-EA80C7FF1354}.Debug|Any CPU.ActiveCfg = Debug|x86
		{70BC98B5-8F93-4967-A9EC-EA80C7FF1354}.Debug|x86.ActiveCfg = Debug|x86
		{70BC98B5-8F93-4967-A9EC-EA80C7FF1354}.Debug|x86.Build.0 = Debug|x86
		{70BC98B5-8F93-4967-A9EC-EA80C7FF1354}.Release|Any CPU.ActiveCfg = Release|x86
		{70BC98B5-8F93-4967-A9EC-EA80C7FF1354}.Release|x86.ActiveCfg = Release|x86
		{70BC98B5-8F93-4967-A9EC-EA80C7FF1354}.Release|x86.Build.0 = Release|x86
		{FD39AB03-ED61-476E-9AA7-052348EE31A2}.Debug|Any CPU.ActiveCfg = Debug|Any CPU
		{FD39AB03-ED61-476E-9AA7-052348EE31A2}.Debug|Any CPU.Build.0 = Debug|Any CPU
		{FD39AB03-ED61-476E-9AA7-052348EE31A2}.Debug|x86.ActiveCfg = Debug|Any CPU
		{FD39AB03-ED61-476E-9AA7-052348EE31A2}.Debug|x86.Build.0 = Debug|Any CPU
		{FD39AB03-ED61-476E-9AA7-052348EE31A2}.Release|Any CPU.ActiveCfg = Release|Any CPU
		{FD39AB03-ED61-476E-9AA7-052348EE31A2}.Release|Any CPU.Build.0 = Release|Any CPU
		{FD39AB03-ED61-476E-9AA7-052348EE31A2}.Release|x86.ActiveCfg = Release|Any CPU
		{FD39AB03-ED61-476E-9AA7-052348EE31A2}.Release|x86.Build.0 = Release|Any CPU
		{3D6267BC-6929-430E-A47F-85DA900828E4}.Debug|Any CPU.ActiveCfg = Debug|Any CPU
		{3D6267BC-6929-430E-A47F-85DA900828E4}.Debug|Any CPU.Build.0 = Debug|Any CPU
		{3D6267BC-6929-430E-A47F-85DA900828E4}.Debug|x86.ActiveCfg = Debug|Any CPU
		{3D6267BC-6929-430E-A47F-85DA900828E4}.Debug|x86.Build.0 = Debug|Any CPU
		{3D6267BC-6929-430E-A47F-85DA900828E4}.Release|Any CPU.ActiveCfg = Release|Any CPU
		{3D6267BC-6929-430E-A47F-85DA900828E4}.Release|Any CPU.Build.0 = Release|Any CPU
		{3D6267BC-6929-430E-A47F-85DA900828E4}.Release|x86.ActiveCfg = Release|Any CPU
		{3D6267BC-6929-430E-A47F-85DA900828E4}.Release|x86.Build.0 = Release|Any CPU
		{106E0BD6-077D-4710-AE6E-0096793D5CC8}.Debug|Any CPU.ActiveCfg = Debug|Any CPU
		{106E0BD6-077D-4710-AE6E-0096793D5CC8}.Debug|Any CPU.Build.0 = Debug|Any CPU
		{106E0BD6-077D-4710-AE6E-0096793D5CC8}.Debug|x86.ActiveCfg = Debug|Any CPU
		{106E0BD6-077D-4710-AE6E-0096793D5CC8}.Debug|x86.Build.0 = Debug|Any CPU
		{106E0BD6-077D-4710-AE6E-0096793D5CC8}.Release|Any CPU.ActiveCfg = Release|Any CPU
		{106E0BD6-077D-4710-AE6E-0096793D5CC8}.Release|Any CPU.Build.0 = Release|Any CPU
		{106E0BD6-077D-4710-AE6E-0096793D5CC8}.Release|x86.ActiveCfg = Release|Any CPU
		{106E0BD6-077D-4710-AE6E-0096793D5CC8}.Release|x86.Build.0 = Release|Any CPU
		{8D92045A-C91E-4C18-8677-FFA87F452009}.Debug|Any CPU.ActiveCfg = Debug|x86
		{8D92045A-C91E-4C18-8677-FFA87F452009}.Debug|x86.ActiveCfg = Debug|x86
		{8D92045A-C91E-4C18-8677-FFA87F452009}.Debug|x86.Build.0 = Debug|x86
		{8D92045A-C91E-4C18-8677-FFA87F452009}.Release|Any CPU.ActiveCfg = Release|x86
		{8D92045A-C91E-4C18-8677-FFA87F452009}.Release|x86.ActiveCfg = Release|x86
		{8D92045A-C91E-4C18-8677-FFA87F452009}.Release|x86.Build.0 = Release|x86
	EndGlobalSection
	GlobalSection(SolutionProperties) = preSolution
		HideSolutionNode = FALSE
	EndGlobalSection
	GlobalSection(NestedProjects) = preSolution
		{254535CE-47BA-42BD-95A9-A68EB458F904} = {F2794CEE-1AE1-42CB-8665-C507A3336FAB}
		{E337D61B-DF36-49CE-B679-E6B0EFD22D4E} = {F2794CEE-1AE1-42CB-8665-C507A3336FAB}
		{1A364A54-5712-4D93-9845-195EC88A4554} = {F2794CEE-1AE1-42CB-8665-C507A3336FAB}
		{20EEDD6E-6DB4-4259-ACBF-D89F55276B8A} = {F2794CEE-1AE1-42CB-8665-C507A3336FAB}
		{76B9ABFE-6DA6-4ADE-9D2F-D2868F9512BF} = {BEADC30A-2BAA-48EA-A2D4-4986BF063318}
		{70BC98B5-8F93-4967-A9EC-EA80C7FF1354} = {BEADC30A-2BAA-48EA-A2D4-4986BF063318}
		{FD39AB03-ED61-476E-9AA7-052348EE31A2} = {BEADC30A-2BAA-48EA-A2D4-4986BF063318}
		{3D6267BC-6929-430E-A47F-85DA900828E4} = {BEADC30A-2BAA-48EA-A2D4-4986BF063318}
		{106E0BD6-077D-4710-AE6E-0096793D5CC8} = {BEADC30A-2BAA-48EA-A2D4-4986BF063318}
		{8D92045A-C91E-4C18-8677-FFA87F452009} = {F2794CEE-1AE1-42CB-8665-C507A3336FAB}
	EndGlobalSection
	GlobalSection(ExtensibilityGlobals) = postSolution
		SolutionGuid = {C1FFD981-279D-479F-B5ED-BC3243A1BA68}
	EndGlobalSection
EndGlobal
